{
  "nodes": {
    "nixpkgs": {
      "locked": {
        "lastModified": 1725688821,
        "narHash": "sha256-XMXKuB7mNz87MoOH1tLGtQLJGqowRFlkaSIAbmBLPTQ=",
        "owner": "nixos",
        "repo": "nixpkgs",
        "rev": "29cca090417df03e6d1928d99f77e8e81c74c3fa",
        "type": "github"
      },
      "original": {
        "owner": "nixos",
        "ref": "nixpkgs-unstable",
        "repo": "nixpkgs",
        "type": "github"
      }
    },
    "nixpkgs_2": {
      "locked": {
        "lastModified": 1718428119,
        "narHash": "sha256-WdWDpNaq6u1IPtxtYHHWpl5BmabtpmLnMAx0RdJ/vo8=",
        "owner": "NixOS",
        "repo": "nixpkgs",
        "rev": "e6cea36f83499eb4e9cd184c8a8e823296b50ad5",
        "type": "github"
      },
      "original": {
        "owner": "NixOS",
        "ref": "nixpkgs-unstable",
        "repo": "nixpkgs",
        "type": "github"
      }
    },
    "root": {
      "inputs": {
        "nixpkgs": "nixpkgs",
        "rust-overlay": "rust-overlay"
      }
    },
    "rust-overlay": {
      "inputs": {
        "nixpkgs": "nixpkgs_2"
      },
      "locked": {
        "lastModified": 1725762472,
        "narHash": "sha256-thdxLVdcfrJNMFV3Ej9mDIh6QgHyoYswiW0SFNwod8A=",
        "owner": "oxalica",
        "repo": "rust-overlay",
        "rev": "57a1564c924ee4acbffe0ad3d65c7e90d3e77cd8",
        "type": "github"
      },
      "original": {
        "owner": "oxalica",
        "repo": "rust-overlay",
        "type": "github"
      }
    }
  },
  "root": "root",
  "version": 7
}
